
Microsoft Visual Studio Solution File, Format Version 12.00
# Visual Studio 15
VisualStudioVersion = 15.0.28307.1231
MinimumVisualStudioVersion = 10.0.40219.1
Project("{FAE04EC0-301F-11D3-BF4B-00C04F79EFBC}") = "A107222023_DB_Library", "A107222023_CS_MYSQL\A107222023_DB_Library.csproj", "{0C49A7C3-730E-42CB-856D-B43698CA2E6A}"
EndProject
Project("{FAE04EC0-301F-11D3-BF4B-00C04F79EFBC}") = "A107222023_University", "A107222023_University\A107222023_University.csproj", "{AE4CE5EA-3046-46B0-8BD5-40123218C00C}"
EndProject
Project("{FAE04EC0-301F-11D3-BF4B-00C04F79EFBC}") = "FinalProject_a107222023", "FinalProject\FinalProject_a107222023.csproj", "{056F4243-E593-4565-9269-7E3C6B42CD56}"
EndProject
Global
	GlobalSection(SolutionConfigurationPlatforms) = preSolution
		Debug|Any CPU = Debug|Any CPU
		Release|Any CPU = Release|Any CPU
	EndGlobalSection
	GlobalSection(ProjectConfigurationPlatforms) = postSolution
		{0C49A7C3-730E-42CB-856D-B43698CA2E6A}.Debug|Any CPU.ActiveCfg = Debug|Any CPU
		{0C49A7C3-730E-42CB-856D-B43698CA2E6A}.Debug|Any CPU.Build.0 = Debug|Any CPU
		{0C49A7C3-730E-42CB-856D-B43698CA2E6A}.Release|Any CPU.ActiveCfg = Release|Any CPU
		{0C49A7C3-730E-42CB-856D-B43698CA2E6A}.Release|Any CPU.Build.0 = Release|Any CPU
		{AE4CE5EA-3046-46B0-8BD5-40123218C00C}.Debug|Any CPU.ActiveCfg = Debug|Any CPU
		{AE4CE5EA-3046-46B0-8BD5-40123218C00C}.Debug|Any CPU.Build.0 = Debug|Any CPU
		{AE4CE5EA-3046-46B0-8BD5-40123218C00C}.Release|Any CPU.ActiveCfg = Release|Any CPU
		{AE4CE5EA-3046-46B0-8BD5-40123218C00C}.Release|Any CPU.Build.0 = Release|Any CPU
		{056F4243-E593-4565-9269-7E3C6B42CD56}.Debug|Any CPU.ActiveCfg = Debug|Any CPU
		{056F4243-E593-4565-9269-7E3C6B42CD56}.Debug|Any CPU.Build.0 = Debug|Any CPU
		{056F4243-E593-4565-9269-7E3C6B42CD56}.Release|Any CPU.ActiveCfg = Release|Any CPU
		{056F4243-E593-4565-9269-7E3C6B42CD56}.Release|Any CPU.Build.0 = Release|Any CPU
	EndGlobalSection
	GlobalSection(SolutionProperties) = preSolution
		HideSolutionNode = FALSE
	EndGlobalSection
	GlobalSection(ExtensibilityGlobals) = postSolution
		SolutionGuid = {B46EE418-1199-41E8-B1AF-FF08AC2D5D6B}
	EndGlobalSection
EndGlobal
